<?xml version="1.0" encoding="utf-8"?>
<Project ToolsVersion="4.0" xmlns="http://schemas.microsoft.com/developer/msbuild/2003">
  <ItemGroup>
    <Filter Include="源文件">
      <UniqueIdentifier>{4FC737F1-C7A5-4376-A066-2A32D752A2FF}</UniqueIdentifier>
      <Extensions>cpp;c;cc;cxx;c++;cppm;ixx;def;odl;idl;hpj;bat;asm;asmx</Extensions>
    </Filter>
    <Filter Include="头文件">
      <UniqueIdentifier>{93995380-89BD-4b04-88EB-625FBE52EBFB}</UniqueIdentifier>
      <Extensions>h;hh;hpp;hxx;h++;hm;inl;inc;ipp;xsd</Extensions>
    </Filter>
    <Filter Include="资源文件">
      <UniqueIdentifier>{67DA6AB6-F800-4c08-8B7A-83BB121AAD01}</UniqueIdentifier>
      <Extensions>rc;ico;cur;bmp;dlg;rc2;rct;bin;rgs;gif;jpg;jpeg;jpe;resx;tiff;tif;png;wav;mfcribbon-ms</Extensions>
    </Filter>
    <Filter Include="test">
      <UniqueIdentifier>{f3dea7c5-1fdb-46ae-80ac-6d2407b08425}</UniqueIdentifier>
    </Filter>
    <Filter Include="test\Lib">
      <UniqueIdentifier>{1c404008-5bd2-41a8-a0d6-1f0b4710e595}</UniqueIdentifier>
    </Filter>
  </ItemGroup>
  <ItemGroup>
    <ClInclude Include="type_traits.h">
      <Filter>头文件</Filter>
    </ClInclude>
    <ClInclude Include="iterator.h">
      <Filter>头文件</Filter>
    </ClInclude>
    <ClInclude Include="util.h">
      <Filter>头文件</Filter>
    </ClInclude>
    <ClInclude Include="construct.h">
      <Filter>头文件</Filter>
    </ClInclude>
    <ClInclude Include="exceptdef.h">
      <Filter>头文件</Filter>
    </ClInclude>
    <ClInclude Include="allocator.h">
      <Filter>头文件</Filter>
    </ClInclude>
    <ClInclude Include="functional.h">
      <Filter>头文件</Filter>
    </ClInclude>
    <ClInclude Include="algobase.h">
      <Filter>头文件</Filter>
    </ClInclude>
    <ClInclude Include="algo.h">
      <Filter>头文件</Filter>
    </ClInclude>
    <ClInclude Include="memory.h">
      <Filter>头文件</Filter>
    </ClInclude>
    <ClInclude Include="uninitialized.h">
      <Filter>头文件</Filter>
    </ClInclude>
    <ClInclude Include="heap_algo.h">
      <Filter>头文件</Filter>
    </ClInclude>
    <ClInclude Include="algorithm.h">
      <Filter>头文件</Filter>
    </ClInclude>
    <ClInclude Include="vector.h">
      <Filter>头文件</Filter>
    </ClInclude>
    <ClInclude Include="test\test.h">
      <Filter>test</Filter>
    </ClInclude>
    <ClInclude Include="test\Lib\color.h">
      <Filter>test\Lib</Filter>
    </ClInclude>
    <ClInclude Include="test\Lib\platform.h">
      <Filter>test\Lib</Filter>
    </ClInclude>
    <ClInclude Include="test\algorithm_test.h">
      <Filter>test</Filter>
    </ClInclude>
    <ClInclude Include="test\algorithm_performance_test.h">
      <Filter>test</Filter>
    </ClInclude>
    <ClInclude Include="test\vector_test.h">
      <Filter>test</Filter>
    </ClInclude>
  </ItemGroup>
  <ItemGroup>
    <ClCompile Include="test\test.cpp">
      <Filter>test</Filter>
    </ClCompile>
  </ItemGroup>
</Project>